
Microsoft Visual Studio Solution File, Format Version 12.00
# Visual Studio Version 17
VisualStudioVersion = 17.11.35222.181
MinimumVisualStudioVersion = 10.0.40219.1
Project("{FAE04EC0-301F-11D3-BF4B-00C04F79EFBC}") = "topic 5 part 2", "topic 5 part 2.csproj", "{E3FE4037-A135-4051-B593-E1B0F655A9FB}"
EndProject
Global
	GlobalSection(SolutionConfigurationPlatforms) = preSolution
		Debug|Any CPU = Debug|Any CPU
		Release|Any CPU = Release|Any CPU
	EndGlobalSection
	GlobalSection(ProjectConfigurationPlatforms) = postSolution
		{E3FE4037-A135-4051-B593-E1B0F655A9FB}.Debug|Any CPU.ActiveCfg = Debug|Any CPU
		{E3FE4037-A135-4051-B593-E1B0F655A9FB}.Debug|Any CPU.Build.0 = Debug|Any CPU
		{E3FE4037-A135-4051-B593-E1B0F655A9FB}.Release|Any CPU.ActiveCfg = Release|Any CPU
		{E3FE4037-A135-4051-B593-E1B0F655A9FB}.Release|Any CPU.Build.0 = Release|Any CPU
	EndGlobalSection
	GlobalSection(SolutionProperties) = preSolution
		HideSolutionNode = FALSE
	EndGlobalSection
	GlobalSection(ExtensibilityGlobals) = postSolution
		SolutionGuid = {1F1534FF-CBA3-44E2-B805-909BCEE21899}
	EndGlobalSection
EndGlobal
